
Microsoft Visual Studio Solution File, Format Version 12.00
# Visual Studio Version 16
VisualStudioVersion = 16.0.33130.400
MinimumVisualStudioVersion = 10.0.40219.1
Project("{FAE04EC0-301F-11D3-BF4B-00C04F79EFBC}") = "HolaMundo", "HolaMundo\HolaMundo.csproj", "{0814AB58-7D5E-487D-8123-D46FE7E4F865}"
EndProject
Global
	GlobalSection(SolutionConfigurationPlatforms) = preSolution
		Debug|Any CPU = Debug|Any CPU
		Release|Any CPU = Release|Any CPU
	EndGlobalSection
	GlobalSection(ProjectConfigurationPlatforms) = postSolution
		{0814AB58-7D5E-487D-8123-D46FE7E4F865}.Debug|Any CPU.ActiveCfg = Debug|Any CPU
		{0814AB58-7D5E-487D-8123-D46FE7E4F865}.Debug|Any CPU.Build.0 = Debug|Any CPU
		{0814AB58-7D5E-487D-8123-D46FE7E4F865}.Release|Any CPU.ActiveCfg = Release|Any CPU
		{0814AB58-7D5E-487D-8123-D46FE7E4F865}.Release|Any CPU.Build.0 = Release|Any CPU
	EndGlobalSection
	GlobalSection(SolutionProperties) = preSolution
		HideSolutionNode = FALSE
	EndGlobalSection
	GlobalSection(ExtensibilityGlobals) = postSolution
		SolutionGuid = {7552A5DB-F309-4E49-820B-BEBB33256E8C}
	EndGlobalSection
EndGlobal
